
Microsoft Visual Studio Solution File, Format Version 12.00
# Visual Studio Version 17
VisualStudioVersion = 17.9.34616.47
MinimumVisualStudioVersion = 10.0.40219.1
Project("{8BC9CEB8-8B4A-11D0-8D11-00A0C91BC942}") = "cecs", "cecs.vcxproj", "{1796B6AA-FB98-4BCF-9F4C-C6E15C45B953}"
EndProject
Global
	GlobalSection(SolutionConfigurationPlatforms) = preSolution
		Debug|Win32 = Debug|Win32
		Debug|x64 = Debug|x64
		Release|Win32 = Release|Win32
		Release|x64 = Release|x64
	EndGlobalSection
	GlobalSection(ProjectConfigurationPlatforms) = postSolution
		{1796B6AA-FB98-4BCF-9F4C-C6E15C45B953}.Debug|Win32.ActiveCfg = Debug|Win32
		{1796B6AA-FB98-4BCF-9F4C-C6E15C45B953}.Debug|Win32.Build.0 = Debug|Win32
		{1796B6AA-FB98-4BCF-9F4C-C6E15C45B953}.Debug|x64.ActiveCfg = Debug|x64
		{1796B6AA-FB98-4BCF-9F4C-C6E15C45B953}.Debug|x64.Build.0 = Debug|x64
		{1796B6AA-FB98-4BCF-9F4C-C6E15C45B953}.Release|Win32.ActiveCfg = Release|x64
		{1796B6AA-FB98-4BCF-9F4C-C6E15C45B953}.Release|Win32.Build.0 = Release|x64
		{1796B6AA-FB98-4BCF-9F4C-C6E15C45B953}.Release|x64.ActiveCfg = Release|x64
		{1796B6AA-FB98-4BCF-9F4C-C6E15C45B953}.Release|x64.Build.0 = Release|x64
	EndGlobalSection
	GlobalSection(SolutionProperties) = preSolution
		HideSolutionNode = FALSE
	EndGlobalSection
	GlobalSection(ExtensibilityGlobals) = postSolution
		SolutionGuid = {A5AB548B-58C3-45EC-A3FE-A5549920BD4C}
	EndGlobalSection
EndGlobal
